
Microsoft Visual Studio Solution File, Format Version 12.00
# Visual Studio Version 17
VisualStudioVersion = 17.5.33424.131
MinimumVisualStudioVersion = 10.0.40219.1
Project("{8BC9CEB8-8B4A-11D0-8D11-00A0C91BC942}") = "230310", "230310.vcxproj", "{0E01DD04-4F77-4FA6-AAD6-10A8D091690B}"
EndProject
Global
	GlobalSection(SolutionConfigurationPlatforms) = preSolution
		Debug|x64 = Debug|x64
		Debug|x86 = Debug|x86
		Release|x64 = Release|x64
		Release|x86 = Release|x86
	EndGlobalSection
	GlobalSection(ProjectConfigurationPlatforms) = postSolution
		{0E01DD04-4F77-4FA6-AAD6-10A8D091690B}.Debug|x64.ActiveCfg = Debug|x64
		{0E01DD04-4F77-4FA6-AAD6-10A8D091690B}.Debug|x64.Build.0 = Debug|x64
		{0E01DD04-4F77-4FA6-AAD6-10A8D091690B}.Debug|x86.ActiveCfg = Debug|Win32
		{0E01DD04-4F77-4FA6-AAD6-10A8D091690B}.Debug|x86.Build.0 = Debug|Win32
		{0E01DD04-4F77-4FA6-AAD6-10A8D091690B}.Release|x64.ActiveCfg = Release|x64
		{0E01DD04-4F77-4FA6-AAD6-10A8D091690B}.Release|x64.Build.0 = Release|x64
		{0E01DD04-4F77-4FA6-AAD6-10A8D091690B}.Release|x86.ActiveCfg = Release|Win32
		{0E01DD04-4F77-4FA6-AAD6-10A8D091690B}.Release|x86.Build.0 = Release|Win32
	EndGlobalSection
	GlobalSection(SolutionProperties) = preSolution
		HideSolutionNode = FALSE
	EndGlobalSection
	GlobalSection(ExtensibilityGlobals) = postSolution
		SolutionGuid = {04F2CB0D-6A8E-4CA7-9BC6-2CE5C8ED299E}
	EndGlobalSection
EndGlobal
